
Microsoft Visual Studio Solution File, Format Version 12.00
# Visual Studio Version 17
VisualStudioVersion = 17.12.35707.178 d17.12
MinimumVisualStudioVersion = 10.0.40219.1
Project("{888888A0-9F3D-457C-B088-3A5042F75D52}") = "Color_Based_Object_Tracking", "Color_Based_Object_Tracking\Color_Based_Object_Tracking.pyproj", "{58B7FF8B-1437-41DF-9495-15D1B497D70F}"
EndProject
Global
	GlobalSection(SolutionConfigurationPlatforms) = preSolution
		Debug|Any CPU = Debug|Any CPU
		Release|Any CPU = Release|Any CPU
	EndGlobalSection
	GlobalSection(ProjectConfigurationPlatforms) = postSolution
		{58B7FF8B-1437-41DF-9495-15D1B497D70F}.Debug|Any CPU.ActiveCfg = Debug|Any CPU
		{58B7FF8B-1437-41DF-9495-15D1B497D70F}.Release|Any CPU.ActiveCfg = Release|Any CPU
	EndGlobalSection
	GlobalSection(SolutionProperties) = preSolution
		HideSolutionNode = FALSE
	EndGlobalSection
EndGlobal
